speakeasyVersion: 1.638.1
sources:
    Squadcast:
        sourceNamespace: squadcast
        sourceRevisionDigest: sha256:ed0fcbcd0bbd50e67d4c0cf48618f4ed644cbecbe540b6264abe0c58dae64692
        sourceBlobDigest: sha256:3cffe56606c933039d1aff60f85362cc68d12c51e3d1d3db3b889296027d8f77
        tags:
            - latest
            - speakeasy-sdk-regen-1761195398
            - 1.0.0
targets:
    squadcast-sdk:
        source: Squadcast
        sourceNamespace: squadcast
        sourceRevisionDigest: sha256:ed0fcbcd0bbd50e67d4c0cf48618f4ed644cbecbe540b6264abe0c58dae64692
        sourceBlobDigest: sha256:3cffe56606c933039d1aff60f85362cc68d12c51e3d1d3db3b889296027d8f77
        codeSamplesNamespace: squadcast-go-code-samples
        codeSamplesRevisionDigest: sha256:02ed99ac27bef40e9dc111e696a4e3c51f7a77612dbc959b1ddece83621c1340
workflow:
    workflowVersion: 1.0.0
    speakeasyVersion: latest
    sources:
        Squadcast:
            inputs:
                - location: https://raw.githubusercontent.com/solarwinds-cloud/sq-squadcast-public-api-docs/main/build/openapi3/openapi.json
                  authHeader: Authorization
                  authSecret: $openapi_doc_auth_token
            overlays:
                - location: .speakeasy/overlay.openapi.yaml
            output: .speakeasy/out.openapi.yaml
            registry:
                location: registry.speakeasyapi.dev/swo/incident-response/squadcast
    targets:
        squadcast-sdk:
            target: go
            source: Squadcast
            output: v1
            codeSamples:
                registry:
                    location: registry.speakeasyapi.dev/swo/incident-response/squadcast-go-code-samples
                labelOverride:
                    fixedValue: Go (SDK)
                blocking: false
            testing:
                enabled: false
